
Microsoft Visual Studio Solution File, Format Version 12.00
# Visual Studio 14
VisualStudioVersion = 14.0.25420.1
MinimumVisualStudioVersion = 10.0.40219.1
Project("{FAE04EC0-301F-11D3-BF4B-00C04F79EFBC}") = "FreeNet", "FreeNet\FreeNet.csproj", "{90786D2B-F7A9-4A90-A073-838EF232BA6A}"
EndProject
Project("{FAE04EC0-301F-11D3-BF4B-00C04F79EFBC}") = "CSampleServer", "CSampleServer\CSampleServer.csproj", "{C1F5AA4B-069D-4E63-BBFC-5FCEDD182C6E}"
EndProject
Project("{FAE04EC0-301F-11D3-BF4B-00C04F79EFBC}") = "CSampleClient", "CSampleClient\CSampleClient.csproj", "{3ECD16DA-BD8E-44D3-B7A1-E9F687B9B84E}"
EndProject
Project("{2150E333-8FDC-42A3-9474-1A3956D46DE8}") = "viruswar", "viruswar", "{930841B7-DD91-4F95-BBB9-820AA5BB34C2}"
EndProject
Project("{FAE04EC0-301F-11D3-BF4B-00C04F79EFBC}") = "GameServer", "viruswar\server\GameServer\GameServer.csproj", "{341BA7A5-4942-48F4-885C-D186EA81BC92}"
EndProject
Global
	GlobalSection(SolutionConfigurationPlatforms) = preSolution
		Debug|Any CPU = Debug|Any CPU
		Release|Any CPU = Release|Any CPU
	EndGlobalSection
	GlobalSection(ProjectConfigurationPlatforms) = postSolution
		{90786D2B-F7A9-4A90-A073-838EF232BA6A}.Debug|Any CPU.ActiveCfg = Debug|Any CPU
		{90786D2B-F7A9-4A90-A073-838EF232BA6A}.Debug|Any CPU.Build.0 = Debug|Any CPU
		{90786D2B-F7A9-4A90-A073-838EF232BA6A}.Release|Any CPU.ActiveCfg = Release|Any CPU
		{90786D2B-F7A9-4A90-A073-838EF232BA6A}.Release|Any CPU.Build.0 = Release|Any CPU
		{C1F5AA4B-069D-4E63-BBFC-5FCEDD182C6E}.Debug|Any CPU.ActiveCfg = Debug|Any CPU
		{C1F5AA4B-069D-4E63-BBFC-5FCEDD182C6E}.Debug|Any CPU.Build.0 = Debug|Any CPU
		{C1F5AA4B-069D-4E63-BBFC-5FCEDD182C6E}.Release|Any CPU.ActiveCfg = Release|Any CPU
		{C1F5AA4B-069D-4E63-BBFC-5FCEDD182C6E}.Release|Any CPU.Build.0 = Release|Any CPU
		{3ECD16DA-BD8E-44D3-B7A1-E9F687B9B84E}.Debug|Any CPU.ActiveCfg = Debug|Any CPU
		{3ECD16DA-BD8E-44D3-B7A1-E9F687B9B84E}.Debug|Any CPU.Build.0 = Debug|Any CPU
		{3ECD16DA-BD8E-44D3-B7A1-E9F687B9B84E}.Release|Any CPU.ActiveCfg = Release|Any CPU
		{3ECD16DA-BD8E-44D3-B7A1-E9F687B9B84E}.Release|Any CPU.Build.0 = Release|Any CPU
		{341BA7A5-4942-48F4-885C-D186EA81BC92}.Debug|Any CPU.ActiveCfg = Debug|Any CPU
		{341BA7A5-4942-48F4-885C-D186EA81BC92}.Debug|Any CPU.Build.0 = Debug|Any CPU
		{341BA7A5-4942-48F4-885C-D186EA81BC92}.Release|Any CPU.ActiveCfg = Release|Any CPU
		{341BA7A5-4942-48F4-885C-D186EA81BC92}.Release|Any CPU.Build.0 = Release|Any CPU
	EndGlobalSection
	GlobalSection(SolutionProperties) = preSolution
		HideSolutionNode = FALSE
	EndGlobalSection
	GlobalSection(NestedProjects) = preSolution
		{341BA7A5-4942-48F4-885C-D186EA81BC92} = {930841B7-DD91-4F95-BBB9-820AA5BB34C2}
	EndGlobalSection
	GlobalSection(ExtensibilityGlobals) = postSolution
		SolutionGuid = {0CBB3B20-9DCE-4DCB-AB98-46F6FCF5BC39}
	EndGlobalSection
EndGlobal
